
Microsoft Visual Studio Solution File, Format Version 12.00
# Visual Studio Version 17
VisualStudioVersion = 17.1.32414.318
MinimumVisualStudioVersion = 10.0.40219.1
Project("{FAE04EC0-301F-11D3-BF4B-00C04F79EFBC}") = "MarketManagementApiV2", "MarketManagementApiV2.csproj", "{1A3A27EA-2038-46D6-AD34-CC69CE0CA159}"
EndProject
Global
	GlobalSection(SolutionConfigurationPlatforms) = preSolution
		Debug|Any CPU = Debug|Any CPU
		Release|Any CPU = Release|Any CPU
	EndGlobalSection
	GlobalSection(ProjectConfigurationPlatforms) = postSolution
		{1A3A27EA-2038-46D6-AD34-CC69CE0CA159}.Debug|Any CPU.ActiveCfg = Debug|Any CPU
		{1A3A27EA-2038-46D6-AD34-CC69CE0CA159}.Debug|Any CPU.Build.0 = Debug|Any CPU
		{1A3A27EA-2038-46D6-AD34-CC69CE0CA159}.Release|Any CPU.ActiveCfg = Release|Any CPU
		{1A3A27EA-2038-46D6-AD34-CC69CE0CA159}.Release|Any CPU.Build.0 = Release|Any CPU
	EndGlobalSection
	GlobalSection(SolutionProperties) = preSolution
		HideSolutionNode = FALSE
	EndGlobalSection
	GlobalSection(ExtensibilityGlobals) = postSolution
		SolutionGuid = {60E9DA14-BE2E-4F7E-87DE-68676428351E}
	EndGlobalSection
EndGlobal
